// !$*UTF8*$!
{
	archiveVersion = 1;
	classes = {
	};
	objectVersion = 48;
	objects = {

/* Begin PBXBuildFile section */
		87F6D251202376A9002216AE /* AppDelegate.swift in Sources */ = {isa = PBXBuildFile; fileRef = 87F6D250202376A9002216AE /* AppDelegate.swift */; };
		87F6D256202376A9002216AE /* Main.storyboard in Resources */ = {isa = PBXBuildFile; fileRef = 87F6D254202376A9002216AE /* Main.storyboard */; };
		87F6D258202376A9002216AE /* Assets.xcassets in Resources */ = {isa = PBXBuildFile; fileRef = 87F6D257202376A9002216AE /* Assets.xcassets */; };
		87F6D25B202376A9002216AE /* LaunchScreen.storyboard in Resources */ = {isa = PBXBuildFile; fileRef = 87F6D259202376A9002216AE /* LaunchScreen.storyboard */; };
		87F6D26320237759002216AE /* HMRegistration.swift in Sources */ = {isa = PBXBuildFile; fileRef = 87F6D26220237759002216AE /* HMRegistration.swift */; };
		87F6D26520237A48002216AE /* HMAddRegistrationTableViewController.swift in Sources */ = {isa = PBXBuildFile; fileRef = 87F6D26420237A48002216AE /* HMAddRegistrationTableViewController.swift */; };
		87F6D26720237AFC002216AE /* HMRoomType.swift in Sources */ = {isa = PBXBuildFile; fileRef = 87F6D26620237AFC002216AE /* HMRoomType.swift */; };
		87F6D269202396D9002216AE /* HMRoomTypeTableViewController.swift in Sources */ = {isa = PBXBuildFile; fileRef = 87F6D268202396D9002216AE /* HMRoomTypeTableViewController.swift */; };
/* End PBXBuildFile section */

/* Begin PBXFileReference section */
		87F6D24D202376A9002216AE /* HotelManzana.app */ = {isa = PBXFileReference; explicitFileType = wrapper.application; includeInIndex = 0; path = HotelManzana.app; sourceTree = BUILT_PRODUCTS_DIR; };
		87F6D250202376A9002216AE /* AppDelegate.swift */ = {isa = PBXFileReference; lastKnownFileType = sourcecode.swift; path = AppDelegate.swift; sourceTree = "<group>"; };
		87F6D255202376A9002216AE /* Base */ = {isa = PBXFileReference; lastKnownFileType = file.storyboard; name = Base; path = Base.lproj/Main.storyboard; sourceTree = "<group>"; };
		87F6D257202376A9002216AE /* Assets.xcassets */ = {isa = PBXFileReference; lastKnownFileType = folder.assetcatalog; path = Assets.xcassets; sourceTree = "<group>"; };
		87F6D25A202376A9002216AE /* Base */ = {isa = PBXFileReference; lastKnownFileType = file.storyboard; name = Base; path = Base.lproj/LaunchScreen.storyboard; sourceTree = "<group>"; };
		87F6D25C202376A9002216AE /* Info.plist */ = {isa = PBXFileReference; lastKnownFileType = text.plist.xml; path = Info.plist; sourceTree = "<group>"; };
		87F6D26220237759002216AE /* HMRegistration.swift */ = {isa = PBXFileReference; lastKnownFileType = sourcecode.swift; path = HMRegistration.swift; sourceTree = "<group>"; };
		87F6D26420237A48002216AE /* HMAddRegistrationTableViewController.swift */ = {isa = PBXFileReference; lastKnownFileType = sourcecode.swift; path = HMAddRegistrationTableViewController.swift; sourceTree = "<group>"; };
		87F6D26620237AFC002216AE /* HMRoomType.swift */ = {isa = PBXFileReference; lastKnownFileType = sourcecode.swift; path = HMRoomType.swift; sourceTree = "<group>"; };
		87F6D268202396D9002216AE /* HMRoomTypeTableViewController.swift */ = {isa = PBXFileReference; lastKnownFileType = sourcecode.swift; path = HMRoomTypeTableViewController.swift; sourceTree = "<group>"; };
/* End PBXFileReference section */

/* Begin PBXFrameworksBuildPhase section */
		87F6D24A202376A9002216AE /* Frameworks */ = {
			isa = PBXFrameworksBuildPhase;
			buildActionMask = 2147483647;
			files = (
			);
			runOnlyForDeploymentPostprocessing = 0;
		};
/* End PBXFrameworksBuildPhase section */

/* Begin PBXGroup section */
		87F6D244202376A9002216AE = {
			isa = PBXGroup;
			children = (
				87F6D24F202376A9002216AE /* HotelManzana */,
				87F6D24E202376A9002216AE /* Products */,
			);
			sourceTree = "<group>";
		};
		87F6D24E202376A9002216AE /* Products */ = {
			isa = PBXGroup;
			children = (
				87F6D24D202376A9002216AE /* HotelManzana.app */,
			);
			name = Products;
			sourceTree = "<group>";
		};
		87F6D24F202376A9002216AE /* HotelManzana */ = {
			isa = PBXGroup;
			children = (
				87F6D250202376A9002216AE /* AppDelegate.swift */,
				87F6D254202376A9002216AE /* Main.storyboard */,
				87F6D257202376A9002216AE /* Assets.xcassets */,
				87F6D259202376A9002216AE /* LaunchScreen.storyboard */,
				87F6D25C202376A9002216AE /* Info.plist */,
				87F6D26220237759002216AE /* HMRegistration.swift */,
				87F6D26620237AFC002216AE /* HMRoomType.swift */,
				87F6D26420237A48002216AE /* HMAddRegistrationTableViewController.swift */,
				87F6D268202396D9002216AE /* HMRoomTypeTableViewController.swift */,
			);
			path = HotelManzana;
			sourceTree = "<group>";
		};
/* End PBXGroup section */

/* Begin PBXNativeTarget section */
		87F6D24C202376A9002216AE /* HotelManzana */ = {
			isa = PBXNativeTarget;
			buildConfigurationList = 87F6D25F202376A9002216AE /* Build configuration list for PBXNativeTarget "HotelManzana" */;
			buildPhases = (
				87F6D249202376A9002216AE /* Sources */,
				87F6D24A202376A9002216AE /* Frameworks */,
				87F6D24B202376A9002216AE /* Resources */,
			);
			buildRules = (
			);
			dependencies = (
			);
			name = HotelManzana;
			productName = HotelManzana;
			productReference = 87F6D24D202376A9002216AE /* HotelManzana.app */;
			productType = "com.apple.product-type.application";
		};
/* End PBXNativeTarget section */

/* Begin PBXProject section */
		87F6D245202376A9002216AE /* Project object */ = {
			isa = PBXProject;
			attributes = {
				CLASSPREFIX = HM;
				LastSwiftUpdateCheck = 0920;
				LastUpgradeCheck = 0920;
				ORGANIZATIONNAME = "Artur Balabanskyy";
				TargetAttributes = {
					87F6D24C202376A9002216AE = {
						CreatedOnToolsVersion = 9.2;
						ProvisioningStyle = Automatic;
					};
				};
			};
			buildConfigurationList = 87F6D248202376A9002216AE /* Build configuration list for PBXProject "HotelManzana" */;
			compatibilityVersion = "Xcode 8.0";
			developmentRegion = en;
			hasScannedForEncodings = 0;
			knownRegions = (
				en,
				Base,
			);
			mainGroup = 87F6D244202376A9002216AE;
			productRefGroup = 87F6D24E202376A9002216AE /* Products */;
			projectDirPath = "";
			projectRoot = "";
			targets = (
				87F6D24C202376A9002216AE /* HotelManzana */,
			);
		};
/* End PBXProject section */

/* Begin PBXResourcesBuildPhase section */
		87F6D24B202376A9002216AE /* Resources */ = {
			isa = PBXResourcesBuildPhase;
			buildActionMask = 2147483647;
			files = (
				87F6D25B202376A9002216AE /* LaunchScreen.storyboard in Resources */,
				87F6D258202376A9002216AE /* Assets.xcassets in Resources */,
				87F6D256202376A9002216AE /* Main.storyboard in Resources */,
			);
			runOnlyForDeploymentPostprocessing = 0;
		};
/* End PBXResourcesBuildPhase section */

/* Begin PBXSourcesBuildPhase section */
		87F6D249202376A9002216AE /* Sources */ = {
			isa = PBXSourcesBuildPhase;
			buildActionMask = 2147483647;
			files = (
				87F6D26520237A48002216AE /* HMAddRegistrationTableViewController.swift in Sources */,
				87F6D26320237759002216AE /* HMRegistration.swift in Sources */,
				87F6D251202376A9002216AE /* AppDelegate.swift in Sources */,
				87F6D26720237AFC002216AE /* HMRoomType.swift in Sources */,
				87F6D269202396D9002216AE /* HMRoomTypeTableViewController.swift in Sources */,
			);
			runOnlyForDeploymentPostprocessing = 0;
		};
/* End PBXSourcesBuildPhase section */

/* Begin PBXVariantGroup section */
		87F6D254202376A9002216AE /* Main.storyboard */ = {
			isa = PBXVariantGroup;
			children = (
				87F6D255202376A9002216AE /* Base */,
			);
			name = Main.storyboard;
			sourceTree = "<group>";
		};
		87F6D259202376A9002216AE /* LaunchScreen.storyboard */ = {
			isa = PBXVariantGroup;
			children = (
				87F6D25A202376A9002216AE /* Base */,
			);
			name = LaunchScreen.storyboard;
			sourceTree = "<group>";
		};
/* End PBXVariantGroup section */

/* Begin XCBuildConfiguration section */
		87F6D25D202376A9002216AE /* Debug */ = {
			isa = XCBuildConfiguration;
			buildSettings = {
				ALWAYS_SEARCH_USER_PATHS = NO;
				CLANG_ANALYZER_NONNULL = YES;
				CLANG_ANALYZER_NUMBER_OBJECT_CONVERSION = YES_AGGRESSIVE;
				CLANG_CXX_LANGUAGE_STANDARD = "gnu++14";
				CLANG_CXX_LIBRARY = "libc++";
				CLANG_ENABLE_MODULES = YES;
				CLANG_ENABLE_OBJC_ARC = YES;
				CLANG_WARN_BLOCK_CAPTURE_AUTORELEASING = YES;
				CLANG_WARN_BOOL_CONVERSION = YES;
				CLANG_WARN_COMMA = YES;
				CLANG_WARN_CONSTANT_CONVERSION = YES;
				CLANG_WARN_DIRECT_OBJC_ISA_USAGE = YES_ERROR;
				CLANG_WARN_DOCUMENTATION_COMMENTS = YES;
				CLANG_WARN_EMPTY_BODY = YES;
				CLANG_WARN_ENUM_CONVERSION = YES;
				CLANG_WARN_INFINITE_RECURSION = YES;
				CLANG_WARN_INT_CONVERSION = YES;
				CLANG_WARN_NON_LITERAL_NULL_CONVERSION = YES;
				CLANG_WARN_OBJC_LITERAL_CONVERSION = YES;
				CLANG_WARN_OBJC_ROOT_CLASS = YES_ERROR;
				CLANG_WARN_RANGE_LOOP_ANALYSIS = YES;
				CLANG_WARN_STRICT_PROTOTYPES = YES;
				CLANG_WARN_SUSPICIOUS_MOVE = YES;
				CLANG_WARN_UNGUARDED_AVAILABILITY = YES_AGGRESSIVE;
				CLANG_WARN_UNREACHABLE_CODE = YES;
				CLANG_WARN__DUPLICATE_METHOD_MATCH = YES;
				CODE_SIGN_IDENTITY = "iPhone Developer";
				COPY_PHASE_STRIP = NO;
				DEBUG_INFORMATION_FORMAT = dwarf;
				ENABLE_STRICT_OBJC_MSGSEND = YES;
				ENABLE_TESTABILITY = YES;
				GCC_C_LANGUAGE_STANDARD = gnu11;
				GCC_DYNAMIC_NO_PIC = NO;
				GCC_NO_COMMON_BLOCKS = YES;
				GCC_OPTIMIZATION_LEVEL = 0;
				GCC_PREPROCESSOR_DEFINITIONS = (
					"DEBUG=1",
					"$(inherited)",
				);
				GCC_WARN_64_TO_32_BIT_CONVERSION = YES;
				GCC_WARN_ABOUT_RETURN_TYPE = YES_ERROR;
				GCC_WARN_UNDECLARED_SELECTOR = YES;
				GCC_WARN_UNINITIALIZED_AUTOS = YES_AGGRESSIVE;
				GCC_WARN_UNUSED_FUNCTION = YES;
				GCC_WARN_UNUSED_VARIABLE = YES;
				IPHONEOS_DEPLOYMENT_TARGET = 11.2;
				MTL_ENABLE_DEBUG_INFO = YES;
				ONLY_ACTIVE_ARCH = YES;
				SDKROOT = iphoneos;
				SWIFT_ACTIVE_COMPILATION_CONDITIONS = DEBUG;
				SWIFT_OPTIMIZATION_LEVEL = "-Onone";
			};
			name = Debug;
		};
		87F6D25E202376A9002216AE /* Release */ = {
			isa = XCBuildConfiguration;
			buildSettings = {
				ALWAYS_SEARCH_USER_PATHS = NO;
				CLANG_ANALYZER_NONNULL = YES;
				CLANG_ANALYZER_NUMBER_OBJECT_CONVERSION = YES_AGGRESSIVE;
				CLANG_CXX_LANGUAGE_STANDARD = "gnu++14";
				CLANG_CXX_LIBRARY = "libc++";
				CLANG_ENABLE_MODULES = YES;
				CLANG_ENABLE_OBJC_ARC = YES;
				CLANG_WARN_BLOCK_CAPTURE_AUTORELEASING = YES;
				CLANG_WARN_BOOL_CONVERSION = YES;
				CLANG_WARN_COMMA = YES;
				CLANG_WARN_CONSTANT_CONVERSION = YES;
				CLANG_WARN_DIRECT_OBJC_ISA_USAGE = YES_ERROR;
				CLANG_WARN_DOCUMENTATION_COMMENTS = YES;
				CLANG_WARN_EMPTY_BODY = YES;
				CLANG_WARN_ENUM_CONVERSION = YES;
				CLANG_WARN_INFINITE_RECURSION = YES;
				CLANG_WARN_INT_CONVERSION = YES;
				CLANG_WARN_NON_LITERAL_NULL_CONVERSION = YES;
				CLANG_WARN_OBJC_LITERAL_CONVERSION = YES;
				CLANG_WARN_OBJC_ROOT_CLASS = YES_ERROR;
				CLANG_WARN_RANGE_LOOP_ANALYSIS = YES;
				CLANG_WARN_STRICT_PROTOTYPES = YES;
				CLANG_WARN_SUSPICIOUS_MOVE = YES;
				CLANG_WARN_UNGUARDED_AVAILABILITY = YES_AGGRESSIVE;
				CLANG_WARN_UNREACHABLE_CODE = YES;
				CLANG_WARN__DUPLICATE_METHOD_MATCH = YES;
				CODE_SIGN_IDENTITY = "iPhone Developer";
				COPY_PHASE_STRIP = NO;
				DEBUG_INFORMATION_FORMAT = "dwarf-with-dsym";
				ENABLE_NS_ASSERTIONS = NO;
				ENABLE_STRICT_OBJC_MSGSEND = YES;
				GCC_C_LANGUAGE_STANDARD = gnu11;
				GCC_NO_COMMON_BLOCKS = YES;
				GCC_WARN_64_TO_32_BIT_CONVERSION = YES;
				GCC_WARN_ABOUT_RETURN_TYPE = YES_ERROR;
				GCC_WARN_UNDECLARED_SELECTOR = YES;
				GCC_WARN_UNINITIALIZED_AUTOS = YES_AGGRESSIVE;
				GCC_WARN_UNUSED_FUNCTION = YES;
				GCC_WARN_UNUSED_VARIABLE = YES;
				IPHONEOS_DEPLOYMENT_TARGET = 11.2;
				MTL_ENABLE_DEBUG_INFO = NO;
				SDKROOT = iphoneos;
				SWIFT_OPTIMIZATION_LEVEL = "-Owholemodule";
				VALIDATE_PRODUCT = YES;
			};
			name = Release;
		};
		87F6D260202376A9002216AE /* Debug */ = {
			isa = XCBuildConfiguration;
			buildSettings = {
				ASSETCATALOG_COMPILER_APPICON_NAME = AppIcon;
				CODE_SIGN_STYLE = Automatic;
				DEVELOPMENT_TEAM = 3WT3DTGLJL;
				INFOPLIST_FILE = HotelManzana/Info.plist;
				LD_RUNPATH_SEARCH_PATHS = "$(inherited) @executable_path/Frameworks";
				PRODUCT_BUNDLE_IDENTIFIER = com.tapforce.HotelManzana;
				PRODUCT_NAME = "$(TARGET_NAME)";
				SWIFT_VERSION = 4.0;
				TARGETED_DEVICE_FAMILY = "1,2";
			};
			name = Debug;
		};
		87F6D261202376A9002216AE /* Release */ = {
			isa = XCBuildConfiguration;
			buildSettings = {
				ASSETCATALOG_COMPILER_APPICON_NAME = AppIcon;
				CODE_SIGN_STYLE = Automatic;
				DEVELOPMENT_TEAM = 3WT3DTGLJL;
				INFOPLIST_FILE = HotelManzana/Info.plist;
				LD_RUNPATH_SEARCH_PATHS = "$(inherited) @executable_path/Frameworks";
				PRODUCT_BUNDLE_IDENTIFIER = com.tapforce.HotelManzana;
				PRODUCT_NAME = "$(TARGET_NAME)";
				SWIFT_VERSION = 4.0;
				TARGETED_DEVICE_FAMILY = "1,2";
			};
			name = Release;
		};
/* End XCBuildConfiguration section */

/* Begin XCConfigurationList section */
		87F6D248202376A9002216AE /* Build configuration list for PBXProject "HotelManzana" */ = {
			isa = XCConfigurationList;
			buildConfigurations = (
				87F6D25D202376A9002216AE /* Debug */,
				87F6D25E202376A9002216AE /* Release */,
			);
			defaultConfigurationIsVisible = 0;
			defaultConfigurationName = Release;
		};
		87F6D25F202376A9002216AE /* Build configuration list for PBXNativeTarget "HotelManzana" */ = {
			isa = XCConfigurationList;
			buildConfigurations = (
				87F6D260202376A9002216AE /* Debug */,
				87F6D261202376A9002216AE /* Release */,
			);
			defaultConfigurationIsVisible = 0;
			defaultConfigurationName = Release;
		};
/* End XCConfigurationList section */
	};
	rootObject = 87F6D245202376A9002216AE /* Project object */;
}
